
Microsoft Visual Studio Solution File, Format Version 12.00
# Visual Studio Version 17
VisualStudioVersion = 17.13.35919.96
MinimumVisualStudioVersion = 10.0.40219.1
Project("{FAE04EC0-301F-11D3-BF4B-00C04F79EFBC}") = "HelloWorld", "HelloWorld\HelloWorld.csproj", "{D0855785-E890-4432-BFD6-A88D915A8432}"
EndProject
Project("{FAE04EC0-301F-11D3-BF4B-00C04F79EFBC}") = "HelloWorldExplicit", "HelloWorldExplicit\HelloWorldExplicit.csproj", "{044D506F-09E7-4818-A578-615DCDADB347}"
EndProject
Project("{FAE04EC0-301F-11D3-BF4B-00C04F79EFBC}") = "ProgramArguments", "ProgramArguments\ProgramArguments.csproj", "{3419DEFC-6986-46AC-841D-E96C58F38089}"
EndProject
Project("{FAE04EC0-301F-11D3-BF4B-00C04F79EFBC}") = "ProgramArgumentsExplicit", "ProgramArgumentsExplicit\ProgramArgumentsExplicit.csproj", "{B504D2FE-A978-43A8-BE5F-00E1A1215EC1}"
EndProject
Project("{FAE04EC0-301F-11D3-BF4B-00C04F79EFBC}") = "ConsoleInput", "ConsoleInput\ConsoleInput.csproj", "{2286C32C-3CA7-4416-AE7C-CE445E50BB3B}"
EndProject
Project("{FAE04EC0-301F-11D3-BF4B-00C04F79EFBC}") = "ValueTypes", "ValueTypes\ValueTypes.csproj", "{0AF1AF43-90A8-4309-A07A-68212AD03A08}"
EndProject
Project("{FAE04EC0-301F-11D3-BF4B-00C04F79EFBC}") = "Strings", "Strings\Strings.csproj", "{64C39AEA-B1D1-46A0-ACE4-BF35876D1473}"
EndProject
Project("{FAE04EC0-301F-11D3-BF4B-00C04F79EFBC}") = "StringParsing", "StringParsing\StringParsing.csproj", "{C58CD4CA-9666-4AD2-9734-64BCC3D66DB4}"
EndProject
Project("{FAE04EC0-301F-11D3-BF4B-00C04F79EFBC}") = "DateTime", "DateTime\DateTime.csproj", "{AC8C7722-A494-4FE3-B112-EF8A5DE8E7AF}"
EndProject
Project("{FAE04EC0-301F-11D3-BF4B-00C04F79EFBC}") = "Operators", "Operators\Operators.csproj", "{A57B69F5-A939-4BE8-9162-65B7580816E1}"
EndProject
Project("{FAE04EC0-301F-11D3-BF4B-00C04F79EFBC}") = "Conditionals", "Conditionals\Conditionals.csproj", "{3E0CEEBB-9A7F-4C3C-92DD-91F50ECF33E0}"
EndProject
Project("{FAE04EC0-301F-11D3-BF4B-00C04F79EFBC}") = "SwitchStatements", "SwitchStatements\SwitchStatements.csproj", "{07144512-766D-4EFB-BF93-1D22B7A6D012}"
EndProject
Project("{FAE04EC0-301F-11D3-BF4B-00C04F79EFBC}") = "IterationStatements", "IterationStatements\IterationStatements.csproj", "{3173DD11-8B09-4BAB-B600-5881F1CE948C}"
EndProject
Project("{FAE04EC0-301F-11D3-BF4B-00C04F79EFBC}") = "Exercise-loop-conditional", "Exercise-loop-conditional\Exercise-loop-conditional.csproj", "{AA0198D4-8D8D-4292-8007-57906CC985F2}"
EndProject
Global
	GlobalSection(SolutionConfigurationPlatforms) = preSolution
		Debug|Any CPU = Debug|Any CPU
		Release|Any CPU = Release|Any CPU
	EndGlobalSection
	GlobalSection(ProjectConfigurationPlatforms) = postSolution
		{D0855785-E890-4432-BFD6-A88D915A8432}.Debug|Any CPU.ActiveCfg = Debug|Any CPU
		{D0855785-E890-4432-BFD6-A88D915A8432}.Debug|Any CPU.Build.0 = Debug|Any CPU
		{D0855785-E890-4432-BFD6-A88D915A8432}.Release|Any CPU.ActiveCfg = Release|Any CPU
		{D0855785-E890-4432-BFD6-A88D915A8432}.Release|Any CPU.Build.0 = Release|Any CPU
		{044D506F-09E7-4818-A578-615DCDADB347}.Debug|Any CPU.ActiveCfg = Debug|Any CPU
		{044D506F-09E7-4818-A578-615DCDADB347}.Debug|Any CPU.Build.0 = Debug|Any CPU
		{044D506F-09E7-4818-A578-615DCDADB347}.Release|Any CPU.ActiveCfg = Release|Any CPU
		{044D506F-09E7-4818-A578-615DCDADB347}.Release|Any CPU.Build.0 = Release|Any CPU
		{3419DEFC-6986-46AC-841D-E96C58F38089}.Debug|Any CPU.ActiveCfg = Debug|Any CPU
		{3419DEFC-6986-46AC-841D-E96C58F38089}.Debug|Any CPU.Build.0 = Debug|Any CPU
		{3419DEFC-6986-46AC-841D-E96C58F38089}.Release|Any CPU.ActiveCfg = Release|Any CPU
		{3419DEFC-6986-46AC-841D-E96C58F38089}.Release|Any CPU.Build.0 = Release|Any CPU
		{B504D2FE-A978-43A8-BE5F-00E1A1215EC1}.Debug|Any CPU.ActiveCfg = Debug|Any CPU
		{B504D2FE-A978-43A8-BE5F-00E1A1215EC1}.Debug|Any CPU.Build.0 = Debug|Any CPU
		{B504D2FE-A978-43A8-BE5F-00E1A1215EC1}.Release|Any CPU.ActiveCfg = Release|Any CPU
		{B504D2FE-A978-43A8-BE5F-00E1A1215EC1}.Release|Any CPU.Build.0 = Release|Any CPU
		{2286C32C-3CA7-4416-AE7C-CE445E50BB3B}.Debug|Any CPU.ActiveCfg = Debug|Any CPU
		{2286C32C-3CA7-4416-AE7C-CE445E50BB3B}.Debug|Any CPU.Build.0 = Debug|Any CPU
		{2286C32C-3CA7-4416-AE7C-CE445E50BB3B}.Release|Any CPU.ActiveCfg = Release|Any CPU
		{2286C32C-3CA7-4416-AE7C-CE445E50BB3B}.Release|Any CPU.Build.0 = Release|Any CPU
		{0AF1AF43-90A8-4309-A07A-68212AD03A08}.Debug|Any CPU.ActiveCfg = Debug|Any CPU
		{0AF1AF43-90A8-4309-A07A-68212AD03A08}.Debug|Any CPU.Build.0 = Debug|Any CPU
		{0AF1AF43-90A8-4309-A07A-68212AD03A08}.Release|Any CPU.ActiveCfg = Release|Any CPU
		{0AF1AF43-90A8-4309-A07A-68212AD03A08}.Release|Any CPU.Build.0 = Release|Any CPU
		{64C39AEA-B1D1-46A0-ACE4-BF35876D1473}.Debug|Any CPU.ActiveCfg = Debug|Any CPU
		{64C39AEA-B1D1-46A0-ACE4-BF35876D1473}.Debug|Any CPU.Build.0 = Debug|Any CPU
		{64C39AEA-B1D1-46A0-ACE4-BF35876D1473}.Release|Any CPU.ActiveCfg = Release|Any CPU
		{64C39AEA-B1D1-46A0-ACE4-BF35876D1473}.Release|Any CPU.Build.0 = Release|Any CPU
		{C58CD4CA-9666-4AD2-9734-64BCC3D66DB4}.Debug|Any CPU.ActiveCfg = Debug|Any CPU
		{C58CD4CA-9666-4AD2-9734-64BCC3D66DB4}.Debug|Any CPU.Build.0 = Debug|Any CPU
		{C58CD4CA-9666-4AD2-9734-64BCC3D66DB4}.Release|Any CPU.ActiveCfg = Release|Any CPU
		{C58CD4CA-9666-4AD2-9734-64BCC3D66DB4}.Release|Any CPU.Build.0 = Release|Any CPU
		{AC8C7722-A494-4FE3-B112-EF8A5DE8E7AF}.Debug|Any CPU.ActiveCfg = Debug|Any CPU
		{AC8C7722-A494-4FE3-B112-EF8A5DE8E7AF}.Debug|Any CPU.Build.0 = Debug|Any CPU
		{AC8C7722-A494-4FE3-B112-EF8A5DE8E7AF}.Release|Any CPU.ActiveCfg = Release|Any CPU
		{AC8C7722-A494-4FE3-B112-EF8A5DE8E7AF}.Release|Any CPU.Build.0 = Release|Any CPU
		{A57B69F5-A939-4BE8-9162-65B7580816E1}.Debug|Any CPU.ActiveCfg = Debug|Any CPU
		{A57B69F5-A939-4BE8-9162-65B7580816E1}.Debug|Any CPU.Build.0 = Debug|Any CPU
		{A57B69F5-A939-4BE8-9162-65B7580816E1}.Release|Any CPU.ActiveCfg = Release|Any CPU
		{A57B69F5-A939-4BE8-9162-65B7580816E1}.Release|Any CPU.Build.0 = Release|Any CPU
		{3E0CEEBB-9A7F-4C3C-92DD-91F50ECF33E0}.Debug|Any CPU.ActiveCfg = Debug|Any CPU
		{3E0CEEBB-9A7F-4C3C-92DD-91F50ECF33E0}.Debug|Any CPU.Build.0 = Debug|Any CPU
		{3E0CEEBB-9A7F-4C3C-92DD-91F50ECF33E0}.Release|Any CPU.ActiveCfg = Release|Any CPU
		{3E0CEEBB-9A7F-4C3C-92DD-91F50ECF33E0}.Release|Any CPU.Build.0 = Release|Any CPU
		{07144512-766D-4EFB-BF93-1D22B7A6D012}.Debug|Any CPU.ActiveCfg = Debug|Any CPU
		{07144512-766D-4EFB-BF93-1D22B7A6D012}.Debug|Any CPU.Build.0 = Debug|Any CPU
		{07144512-766D-4EFB-BF93-1D22B7A6D012}.Release|Any CPU.ActiveCfg = Release|Any CPU
		{07144512-766D-4EFB-BF93-1D22B7A6D012}.Release|Any CPU.Build.0 = Release|Any CPU
		{3173DD11-8B09-4BAB-B600-5881F1CE948C}.Debug|Any CPU.ActiveCfg = Debug|Any CPU
		{3173DD11-8B09-4BAB-B600-5881F1CE948C}.Debug|Any CPU.Build.0 = Debug|Any CPU
		{3173DD11-8B09-4BAB-B600-5881F1CE948C}.Release|Any CPU.ActiveCfg = Release|Any CPU
		{3173DD11-8B09-4BAB-B600-5881F1CE948C}.Release|Any CPU.Build.0 = Release|Any CPU
		{AA0198D4-8D8D-4292-8007-57906CC985F2}.Debug|Any CPU.ActiveCfg = Debug|Any CPU
		{AA0198D4-8D8D-4292-8007-57906CC985F2}.Debug|Any CPU.Build.0 = Debug|Any CPU
		{AA0198D4-8D8D-4292-8007-57906CC985F2}.Release|Any CPU.ActiveCfg = Release|Any CPU
		{AA0198D4-8D8D-4292-8007-57906CC985F2}.Release|Any CPU.Build.0 = Release|Any CPU
	EndGlobalSection
	GlobalSection(SolutionProperties) = preSolution
		HideSolutionNode = FALSE
	EndGlobalSection
	GlobalSection(ExtensibilityGlobals) = postSolution
		SolutionGuid = {4FD5D7B2-9B5C-499B-983F-5C30C4A44FA6}
	EndGlobalSection
EndGlobal
