
Microsoft Visual Studio Solution File, Format Version 12.00
# Visual Studio Version 17
VisualStudioVersion = 17.13.35919.96
MinimumVisualStudioVersion = 10.0.40219.1
Project("{2150E333-8FDC-42A3-9474-1A3956D46DE8}") = "OOP", "OOP", "{02EA681E-C7D8-13C7-8484-4AC65E1B71E8}"
EndProject
Project("{2150E333-8FDC-42A3-9474-1A3956D46DE8}") = "Basics", "Basics", "{7952EF08-179C-4CFB-B60F-798AB38280D2}"
EndProject
Project("{FAE04EC0-301F-11D3-BF4B-00C04F79EFBC}") = "BasicClass", "OOP\BasicClass\BasicClass.csproj", "{25D3B008-1F3E-E2D0-2867-E5B5DB7D3B1F}"
EndProject
Project("{FAE04EC0-301F-11D3-BF4B-00C04F79EFBC}") = "HouseQuest", "OOP\HouseQuest\HouseQuest.csproj", "{54D3133C-7826-7369-BEB7-1D5BC2EC7C86}"
EndProject
Project("{FAE04EC0-301F-11D3-BF4B-00C04F79EFBC}") = "Namespaces", "OOP\Namespaces\Namespaces.csproj", "{3C65691F-EBF3-2AED-21DA-BCF73BFF6A72}"
EndProject
Project("{FAE04EC0-301F-11D3-BF4B-00C04F79EFBC}") = "CalculatorProject", "Basics\CalculatorProject\CalculatorProject.csproj", "{E684BACA-AF42-FCFE-18AE-585BD068C198}"
EndProject
Project("{FAE04EC0-301F-11D3-BF4B-00C04F79EFBC}") = "Conditionals", "Basics\Conditionals\Conditionals.csproj", "{3887FAB8-9385-3AB1-C712-3BC5875B8226}"
EndProject
Project("{FAE04EC0-301F-11D3-BF4B-00C04F79EFBC}") = "ConsoleInput", "Basics\ConsoleInput\ConsoleInput.csproj", "{959CBE37-D363-E781-2CD9-2BB3CF684E0B}"
EndProject
Project("{FAE04EC0-301F-11D3-BF4B-00C04F79EFBC}") = "DateTime", "Basics\DateTime\DateTime.csproj", "{5F7EED96-E8B9-4F49-C180-6B5A78F7094E}"
EndProject
Project("{FAE04EC0-301F-11D3-BF4B-00C04F79EFBC}") = "Exercise-loop-conditional", "Basics\Exercise-loop-conditional\Exercise-loop-conditional.csproj", "{0B4CE236-B416-08DB-BF71-DF4D14F10F0E}"
EndProject
Project("{FAE04EC0-301F-11D3-BF4B-00C04F79EFBC}") = "HelloWorld", "Basics\HelloWorld\HelloWorld.csproj", "{03D6D9F2-CF1B-0BB2-D406-F05E967ECCCD}"
EndProject
Project("{FAE04EC0-301F-11D3-BF4B-00C04F79EFBC}") = "HelloWorldExplicit", "Basics\HelloWorldExplicit\HelloWorldExplicit.csproj", "{CEA74F34-AC0C-E871-BF1C-8C6564F024BC}"
EndProject
Project("{FAE04EC0-301F-11D3-BF4B-00C04F79EFBC}") = "IterationStatements", "Basics\IterationStatements\IterationStatements.csproj", "{F62A9CE5-1C6F-39D2-8EEB-9663345AD398}"
EndProject
Project("{FAE04EC0-301F-11D3-BF4B-00C04F79EFBC}") = "Operators", "Basics\Operators\Operators.csproj", "{52AA573C-CF2A-FDEE-0A98-8782ED645B69}"
EndProject
Project("{FAE04EC0-301F-11D3-BF4B-00C04F79EFBC}") = "ProgramArguments", "Basics\ProgramArguments\ProgramArguments.csproj", "{B5B4A0D6-FCC4-0DD3-B70C-7BEC8A62E91B}"
EndProject
Project("{FAE04EC0-301F-11D3-BF4B-00C04F79EFBC}") = "ProgramArgumentsExplicit", "Basics\ProgramArgumentsExplicit\ProgramArgumentsExplicit.csproj", "{DC28D6A1-6BB0-9035-A9C3-F1DD7E392D8C}"
EndProject
Project("{FAE04EC0-301F-11D3-BF4B-00C04F79EFBC}") = "StringParsing", "Basics\StringParsing\StringParsing.csproj", "{AF5DCAAE-1428-8F49-0167-3A2AAC12A2C5}"
EndProject
Project("{FAE04EC0-301F-11D3-BF4B-00C04F79EFBC}") = "Strings", "Basics\Strings\Strings.csproj", "{D25FDE1B-3978-A52F-9CFC-85E3A3CEB384}"
EndProject
Project("{FAE04EC0-301F-11D3-BF4B-00C04F79EFBC}") = "SwitchStatements", "Basics\SwitchStatements\SwitchStatements.csproj", "{0BBCF348-9301-5048-A363-C58D1AA89142}"
EndProject
Project("{FAE04EC0-301F-11D3-BF4B-00C04F79EFBC}") = "ValueTypes", "Basics\ValueTypes\ValueTypes.csproj", "{B1B9B7B5-A85B-7210-0CB8-70EE5C9A4560}"
EndProject
Project("{FAE04EC0-301F-11D3-BF4B-00C04F79EFBC}") = "AdvancedVariablesScope", "OOP\AdvancedVariablesScope\AdvancedVariablesScope.csproj", "{85510FAB-9357-6948-46F2-2F760F374038}"
EndProject
Project("{FAE04EC0-301F-11D3-BF4B-00C04F79EFBC}") = "Inheritance", "OOP\Inheritance\Inheritance.csproj", "{A9A0D999-BFF1-5D07-F152-07D845FA68DC}"
EndProject
Project("{FAE04EC0-301F-11D3-BF4B-00C04F79EFBC}") = "Interfaces", "OOP\Interfaces\Interfaces.csproj", "{4EA8EC09-1786-A49A-2EF9-3C52FB5FA161}"
EndProject
Project("{FAE04EC0-301F-11D3-BF4B-00C04F79EFBC}") = "MethodOverloading", "OOP\MethodOverloading\MethodOverloading.csproj", "{E45E0260-A4B7-769B-B299-F56714BA6C6D}"
EndProject
Project("{FAE04EC0-301F-11D3-BF4B-00C04F79EFBC}") = "Polymorphism", "OOP\Polymorphism\Polymorphism.csproj", "{C9DA9DCF-5EC3-5761-E996-812244335AD7}"
EndProject
Project("{FAE04EC0-301F-11D3-BF4B-00C04F79EFBC}") = "ProjectAccountingSystem", "OOP\ProjectAccountingSystem\ProjectAccountingSystem.csproj", "{96A1B200-16F5-951C-49F1-EC44F9A715FF}"
EndProject
Project("{FAE04EC0-301F-11D3-BF4B-00C04F79EFBC}") = "StaticMembers", "OOP\StaticMembers\StaticMembers.csproj", "{CA734FF4-00D9-05E9-8606-E876E4E2C837}"
EndProject
Project("{2150E333-8FDC-42A3-9474-1A3956D46DE8}") = "Intermediate", "Intermediate", "{F88CD921-46B8-4378-83C0-9E48B9B2EFE9}"
EndProject
Project("{FAE04EC0-301F-11D3-BF4B-00C04F79EFBC}") = "Const", "Intermediate\Const\Const.csproj", "{92C85760-3010-2CCE-CA66-539DDD81A60B}"
EndProject
Project("{FAE04EC0-301F-11D3-BF4B-00C04F79EFBC}") = "ImplicitTyping", "Intermediate\ImplicitTyping\ImplicitTyping.csproj", "{1A5C4F62-2351-81E9-B5D8-6B66EDFB7F58}"
EndProject
Project("{FAE04EC0-301F-11D3-BF4B-00C04F79EFBC}") = "Enumerations", "Intermediate\Enumerations\Enumerations.csproj", "{A033BBF7-B0E7-421C-9F2C-AA1F82E45891}"
EndProject
Project("{FAE04EC0-301F-11D3-BF4B-00C04F79EFBC}") = "SwitchExpressions", "Intermediate\SwitchExpressions\SwitchExpressions.csproj", "{244A1A74-26AC-43FC-844D-3BD7D78A7B8D}"
EndProject
Project("{FAE04EC0-301F-11D3-BF4B-00C04F79EFBC}") = "Structs", "Intermediate\Structs\Structs.csproj", "{AE146CD4-6C80-4043-806F-BDC3B72D0262}"
EndProject
Project("{FAE04EC0-301F-11D3-BF4B-00C04F79EFBC}") = "MethodsArguments", "Intermediate\MethodsArguments\MethodsArguments.csproj", "{00CCF86C-0B18-4502-998F-6C51B11E7101}"
EndProject
Project("{FAE04EC0-301F-11D3-BF4B-00C04F79EFBC}") = "ExceptionHandling", "Intermediate\ExceptionHandling\ExceptionHandling.csproj", "{CCD7F039-CC3F-94D5-9E1F-82DC179D7795}"
EndProject
Project("{2150E333-8FDC-42A3-9474-1A3956D46DE8}") = "Arrays and Collections", "Arrays and Collections", "{21D1A975-73DD-47A9-9380-5E70DC756B44}"
EndProject
Project("{FAE04EC0-301F-11D3-BF4B-00C04F79EFBC}") = "Arrays", "Arrays and Collections\Arrays\Arrays.csproj", "{232694F7-589F-4E1E-85D2-DE00369E2FD9}"
EndProject
Project("{FAE04EC0-301F-11D3-BF4B-00C04F79EFBC}") = "ArrayList", "Arrays and Collections\ArrayList\ArrayList.csproj", "{0321030C-5C4B-4B79-8C59-CA2AA254CE19}"
EndProject
Project("{FAE04EC0-301F-11D3-BF4B-00C04F79EFBC}") = "List", "Arrays and Collections\List\List.csproj", "{73306DCB-C124-4D2E-903C-9C46E349459B}"
EndProject
Project("{FAE04EC0-301F-11D3-BF4B-00C04F79EFBC}") = "Stack", "Arrays and Collections\Stack\Stack.csproj", "{97256608-C9EB-47AA-A20B-6F3F2D9BDA9A}"
EndProject
Project("{FAE04EC0-301F-11D3-BF4B-00C04F79EFBC}") = "Queue", "Arrays and Collections\Queue\Queue.csproj", "{4F3A687F-845F-4B37-BF27-B889B3035173}"
EndProject
Project("{FAE04EC0-301F-11D3-BF4B-00C04F79EFBC}") = "Dictionary", "Arrays and Collections\Dictionary\Dictionary.csproj", "{CC63B885-6942-437C-895A-24AEAF017EC3}"
EndProject
Project("{FAE04EC0-301F-11D3-BF4B-00C04F79EFBC}") = "RacingCalendar", "Arrays and Collections\RacingCalendar\RacingCalendar.csproj", "{B5332EFF-4CF1-46D0-B9FD-E1E160576D1C}"
EndProject
Project("{2150E333-8FDC-42A3-9474-1A3956D46DE8}") = "Advanced", "Advanced", "{32F4BCA8-D252-4581-890D-5741A68A3D33}"
EndProject
Project("{FAE04EC0-301F-11D3-BF4B-00C04F79EFBC}") = "NamedArguments", "Advanced\NamedArguments\NamedArguments.csproj", "{2628718B-6770-4BA0-92D0-31B4171CF333}"
EndProject
Project("{FAE04EC0-301F-11D3-BF4B-00C04F79EFBC}") = "OptionalArguments", "Advanced\OptionalArguments\OptionalArguments.csproj", "{57804762-F124-4CD1-B941-C5A9E01F9C37}"
EndProject
Project("{FAE04EC0-301F-11D3-BF4B-00C04F79EFBC}") = "ExtensionMethods", "Advanced\ExtensionMethods\ExtensionMethods.csproj", "{1771FCAF-E124-4517-A8B6-41E2F86AB430}"
EndProject
Project("{FAE04EC0-301F-11D3-BF4B-00C04F79EFBC}") = "ExerciseExtensionMethods", "Advanced\ExerciseExtensionMethods\ExerciseExtensionMethods.csproj", "{4BA2C060-0D38-41AB-9293-E8581FEDC623}"
EndProject
Project("{FAE04EC0-301F-11D3-BF4B-00C04F79EFBC}") = "GenericTypes", "Advanced\GenericTypes\GenericTypes.csproj", "{82F0D3F8-0093-4FB0-B553-5F21DE33D176}"
EndProject
Global
	GlobalSection(SolutionConfigurationPlatforms) = preSolution
		Debug|Any CPU = Debug|Any CPU
		Release|Any CPU = Release|Any CPU
	EndGlobalSection
	GlobalSection(ProjectConfigurationPlatforms) = postSolution
		{25D3B008-1F3E-E2D0-2867-E5B5DB7D3B1F}.Debug|Any CPU.ActiveCfg = Debug|Any CPU
		{25D3B008-1F3E-E2D0-2867-E5B5DB7D3B1F}.Debug|Any CPU.Build.0 = Debug|Any CPU
		{25D3B008-1F3E-E2D0-2867-E5B5DB7D3B1F}.Release|Any CPU.ActiveCfg = Release|Any CPU
		{25D3B008-1F3E-E2D0-2867-E5B5DB7D3B1F}.Release|Any CPU.Build.0 = Release|Any CPU
		{54D3133C-7826-7369-BEB7-1D5BC2EC7C86}.Debug|Any CPU.ActiveCfg = Debug|Any CPU
		{54D3133C-7826-7369-BEB7-1D5BC2EC7C86}.Debug|Any CPU.Build.0 = Debug|Any CPU
		{54D3133C-7826-7369-BEB7-1D5BC2EC7C86}.Release|Any CPU.ActiveCfg = Release|Any CPU
		{54D3133C-7826-7369-BEB7-1D5BC2EC7C86}.Release|Any CPU.Build.0 = Release|Any CPU
		{3C65691F-EBF3-2AED-21DA-BCF73BFF6A72}.Debug|Any CPU.ActiveCfg = Debug|Any CPU
		{3C65691F-EBF3-2AED-21DA-BCF73BFF6A72}.Debug|Any CPU.Build.0 = Debug|Any CPU
		{3C65691F-EBF3-2AED-21DA-BCF73BFF6A72}.Release|Any CPU.ActiveCfg = Release|Any CPU
		{3C65691F-EBF3-2AED-21DA-BCF73BFF6A72}.Release|Any CPU.Build.0 = Release|Any CPU
		{E684BACA-AF42-FCFE-18AE-585BD068C198}.Debug|Any CPU.ActiveCfg = Debug|Any CPU
		{E684BACA-AF42-FCFE-18AE-585BD068C198}.Debug|Any CPU.Build.0 = Debug|Any CPU
		{E684BACA-AF42-FCFE-18AE-585BD068C198}.Release|Any CPU.ActiveCfg = Release|Any CPU
		{E684BACA-AF42-FCFE-18AE-585BD068C198}.Release|Any CPU.Build.0 = Release|Any CPU
		{3887FAB8-9385-3AB1-C712-3BC5875B8226}.Debug|Any CPU.ActiveCfg = Debug|Any CPU
		{3887FAB8-9385-3AB1-C712-3BC5875B8226}.Debug|Any CPU.Build.0 = Debug|Any CPU
		{3887FAB8-9385-3AB1-C712-3BC5875B8226}.Release|Any CPU.ActiveCfg = Release|Any CPU
		{3887FAB8-9385-3AB1-C712-3BC5875B8226}.Release|Any CPU.Build.0 = Release|Any CPU
		{959CBE37-D363-E781-2CD9-2BB3CF684E0B}.Debug|Any CPU.ActiveCfg = Debug|Any CPU
		{959CBE37-D363-E781-2CD9-2BB3CF684E0B}.Debug|Any CPU.Build.0 = Debug|Any CPU
		{959CBE37-D363-E781-2CD9-2BB3CF684E0B}.Release|Any CPU.ActiveCfg = Release|Any CPU
		{959CBE37-D363-E781-2CD9-2BB3CF684E0B}.Release|Any CPU.Build.0 = Release|Any CPU
		{5F7EED96-E8B9-4F49-C180-6B5A78F7094E}.Debug|Any CPU.ActiveCfg = Debug|Any CPU
		{5F7EED96-E8B9-4F49-C180-6B5A78F7094E}.Debug|Any CPU.Build.0 = Debug|Any CPU
		{5F7EED96-E8B9-4F49-C180-6B5A78F7094E}.Release|Any CPU.ActiveCfg = Release|Any CPU
		{5F7EED96-E8B9-4F49-C180-6B5A78F7094E}.Release|Any CPU.Build.0 = Release|Any CPU
		{0B4CE236-B416-08DB-BF71-DF4D14F10F0E}.Debug|Any CPU.ActiveCfg = Debug|Any CPU
		{0B4CE236-B416-08DB-BF71-DF4D14F10F0E}.Debug|Any CPU.Build.0 = Debug|Any CPU
		{0B4CE236-B416-08DB-BF71-DF4D14F10F0E}.Release|Any CPU.ActiveCfg = Release|Any CPU
		{0B4CE236-B416-08DB-BF71-DF4D14F10F0E}.Release|Any CPU.Build.0 = Release|Any CPU
		{03D6D9F2-CF1B-0BB2-D406-F05E967ECCCD}.Debug|Any CPU.ActiveCfg = Debug|Any CPU
		{03D6D9F2-CF1B-0BB2-D406-F05E967ECCCD}.Debug|Any CPU.Build.0 = Debug|Any CPU
		{03D6D9F2-CF1B-0BB2-D406-F05E967ECCCD}.Release|Any CPU.ActiveCfg = Release|Any CPU
		{03D6D9F2-CF1B-0BB2-D406-F05E967ECCCD}.Release|Any CPU.Build.0 = Release|Any CPU
		{CEA74F34-AC0C-E871-BF1C-8C6564F024BC}.Debug|Any CPU.ActiveCfg = Debug|Any CPU
		{CEA74F34-AC0C-E871-BF1C-8C6564F024BC}.Debug|Any CPU.Build.0 = Debug|Any CPU
		{CEA74F34-AC0C-E871-BF1C-8C6564F024BC}.Release|Any CPU.ActiveCfg = Release|Any CPU
		{CEA74F34-AC0C-E871-BF1C-8C6564F024BC}.Release|Any CPU.Build.0 = Release|Any CPU
		{F62A9CE5-1C6F-39D2-8EEB-9663345AD398}.Debug|Any CPU.ActiveCfg = Debug|Any CPU
		{F62A9CE5-1C6F-39D2-8EEB-9663345AD398}.Debug|Any CPU.Build.0 = Debug|Any CPU
		{F62A9CE5-1C6F-39D2-8EEB-9663345AD398}.Release|Any CPU.ActiveCfg = Release|Any CPU
		{F62A9CE5-1C6F-39D2-8EEB-9663345AD398}.Release|Any CPU.Build.0 = Release|Any CPU
		{52AA573C-CF2A-FDEE-0A98-8782ED645B69}.Debug|Any CPU.ActiveCfg = Debug|Any CPU
		{52AA573C-CF2A-FDEE-0A98-8782ED645B69}.Debug|Any CPU.Build.0 = Debug|Any CPU
		{52AA573C-CF2A-FDEE-0A98-8782ED645B69}.Release|Any CPU.ActiveCfg = Release|Any CPU
		{52AA573C-CF2A-FDEE-0A98-8782ED645B69}.Release|Any CPU.Build.0 = Release|Any CPU
		{B5B4A0D6-FCC4-0DD3-B70C-7BEC8A62E91B}.Debug|Any CPU.ActiveCfg = Debug|Any CPU
		{B5B4A0D6-FCC4-0DD3-B70C-7BEC8A62E91B}.Debug|Any CPU.Build.0 = Debug|Any CPU
		{B5B4A0D6-FCC4-0DD3-B70C-7BEC8A62E91B}.Release|Any CPU.ActiveCfg = Release|Any CPU
		{B5B4A0D6-FCC4-0DD3-B70C-7BEC8A62E91B}.Release|Any CPU.Build.0 = Release|Any CPU
		{DC28D6A1-6BB0-9035-A9C3-F1DD7E392D8C}.Debug|Any CPU.ActiveCfg = Debug|Any CPU
		{DC28D6A1-6BB0-9035-A9C3-F1DD7E392D8C}.Debug|Any CPU.Build.0 = Debug|Any CPU
		{DC28D6A1-6BB0-9035-A9C3-F1DD7E392D8C}.Release|Any CPU.ActiveCfg = Release|Any CPU
		{DC28D6A1-6BB0-9035-A9C3-F1DD7E392D8C}.Release|Any CPU.Build.0 = Release|Any CPU
		{AF5DCAAE-1428-8F49-0167-3A2AAC12A2C5}.Debug|Any CPU.ActiveCfg = Debug|Any CPU
		{AF5DCAAE-1428-8F49-0167-3A2AAC12A2C5}.Debug|Any CPU.Build.0 = Debug|Any CPU
		{AF5DCAAE-1428-8F49-0167-3A2AAC12A2C5}.Release|Any CPU.ActiveCfg = Release|Any CPU
		{AF5DCAAE-1428-8F49-0167-3A2AAC12A2C5}.Release|Any CPU.Build.0 = Release|Any CPU
		{D25FDE1B-3978-A52F-9CFC-85E3A3CEB384}.Debug|Any CPU.ActiveCfg = Debug|Any CPU
		{D25FDE1B-3978-A52F-9CFC-85E3A3CEB384}.Debug|Any CPU.Build.0 = Debug|Any CPU
		{D25FDE1B-3978-A52F-9CFC-85E3A3CEB384}.Release|Any CPU.ActiveCfg = Release|Any CPU
		{D25FDE1B-3978-A52F-9CFC-85E3A3CEB384}.Release|Any CPU.Build.0 = Release|Any CPU
		{0BBCF348-9301-5048-A363-C58D1AA89142}.Debug|Any CPU.ActiveCfg = Debug|Any CPU
		{0BBCF348-9301-5048-A363-C58D1AA89142}.Debug|Any CPU.Build.0 = Debug|Any CPU
		{0BBCF348-9301-5048-A363-C58D1AA89142}.Release|Any CPU.ActiveCfg = Release|Any CPU
		{0BBCF348-9301-5048-A363-C58D1AA89142}.Release|Any CPU.Build.0 = Release|Any CPU
		{B1B9B7B5-A85B-7210-0CB8-70EE5C9A4560}.Debug|Any CPU.ActiveCfg = Debug|Any CPU
		{B1B9B7B5-A85B-7210-0CB8-70EE5C9A4560}.Debug|Any CPU.Build.0 = Debug|Any CPU
		{B1B9B7B5-A85B-7210-0CB8-70EE5C9A4560}.Release|Any CPU.ActiveCfg = Release|Any CPU
		{B1B9B7B5-A85B-7210-0CB8-70EE5C9A4560}.Release|Any CPU.Build.0 = Release|Any CPU
		{85510FAB-9357-6948-46F2-2F760F374038}.Debug|Any CPU.ActiveCfg = Debug|Any CPU
		{85510FAB-9357-6948-46F2-2F760F374038}.Debug|Any CPU.Build.0 = Debug|Any CPU
		{85510FAB-9357-6948-46F2-2F760F374038}.Release|Any CPU.ActiveCfg = Release|Any CPU
		{85510FAB-9357-6948-46F2-2F760F374038}.Release|Any CPU.Build.0 = Release|Any CPU
		{A9A0D999-BFF1-5D07-F152-07D845FA68DC}.Debug|Any CPU.ActiveCfg = Debug|Any CPU
		{A9A0D999-BFF1-5D07-F152-07D845FA68DC}.Debug|Any CPU.Build.0 = Debug|Any CPU
		{A9A0D999-BFF1-5D07-F152-07D845FA68DC}.Release|Any CPU.ActiveCfg = Release|Any CPU
		{A9A0D999-BFF1-5D07-F152-07D845FA68DC}.Release|Any CPU.Build.0 = Release|Any CPU
		{4EA8EC09-1786-A49A-2EF9-3C52FB5FA161}.Debug|Any CPU.ActiveCfg = Debug|Any CPU
		{4EA8EC09-1786-A49A-2EF9-3C52FB5FA161}.Debug|Any CPU.Build.0 = Debug|Any CPU
		{4EA8EC09-1786-A49A-2EF9-3C52FB5FA161}.Release|Any CPU.ActiveCfg = Release|Any CPU
		{4EA8EC09-1786-A49A-2EF9-3C52FB5FA161}.Release|Any CPU.Build.0 = Release|Any CPU
		{E45E0260-A4B7-769B-B299-F56714BA6C6D}.Debug|Any CPU.ActiveCfg = Debug|Any CPU
		{E45E0260-A4B7-769B-B299-F56714BA6C6D}.Debug|Any CPU.Build.0 = Debug|Any CPU
		{E45E0260-A4B7-769B-B299-F56714BA6C6D}.Release|Any CPU.ActiveCfg = Release|Any CPU
		{E45E0260-A4B7-769B-B299-F56714BA6C6D}.Release|Any CPU.Build.0 = Release|Any CPU
		{C9DA9DCF-5EC3-5761-E996-812244335AD7}.Debug|Any CPU.ActiveCfg = Debug|Any CPU
		{C9DA9DCF-5EC3-5761-E996-812244335AD7}.Debug|Any CPU.Build.0 = Debug|Any CPU
		{C9DA9DCF-5EC3-5761-E996-812244335AD7}.Release|Any CPU.ActiveCfg = Release|Any CPU
		{C9DA9DCF-5EC3-5761-E996-812244335AD7}.Release|Any CPU.Build.0 = Release|Any CPU
		{96A1B200-16F5-951C-49F1-EC44F9A715FF}.Debug|Any CPU.ActiveCfg = Debug|Any CPU
		{96A1B200-16F5-951C-49F1-EC44F9A715FF}.Debug|Any CPU.Build.0 = Debug|Any CPU
		{96A1B200-16F5-951C-49F1-EC44F9A715FF}.Release|Any CPU.ActiveCfg = Release|Any CPU
		{96A1B200-16F5-951C-49F1-EC44F9A715FF}.Release|Any CPU.Build.0 = Release|Any CPU
		{CA734FF4-00D9-05E9-8606-E876E4E2C837}.Debug|Any CPU.ActiveCfg = Debug|Any CPU
		{CA734FF4-00D9-05E9-8606-E876E4E2C837}.Debug|Any CPU.Build.0 = Debug|Any CPU
		{CA734FF4-00D9-05E9-8606-E876E4E2C837}.Release|Any CPU.ActiveCfg = Release|Any CPU
		{CA734FF4-00D9-05E9-8606-E876E4E2C837}.Release|Any CPU.Build.0 = Release|Any CPU
		{92C85760-3010-2CCE-CA66-539DDD81A60B}.Debug|Any CPU.ActiveCfg = Debug|Any CPU
		{92C85760-3010-2CCE-CA66-539DDD81A60B}.Debug|Any CPU.Build.0 = Debug|Any CPU
		{92C85760-3010-2CCE-CA66-539DDD81A60B}.Release|Any CPU.ActiveCfg = Release|Any CPU
		{92C85760-3010-2CCE-CA66-539DDD81A60B}.Release|Any CPU.Build.0 = Release|Any CPU
		{1A5C4F62-2351-81E9-B5D8-6B66EDFB7F58}.Debug|Any CPU.ActiveCfg = Debug|Any CPU
		{1A5C4F62-2351-81E9-B5D8-6B66EDFB7F58}.Debug|Any CPU.Build.0 = Debug|Any CPU
		{1A5C4F62-2351-81E9-B5D8-6B66EDFB7F58}.Release|Any CPU.ActiveCfg = Release|Any CPU
		{1A5C4F62-2351-81E9-B5D8-6B66EDFB7F58}.Release|Any CPU.Build.0 = Release|Any CPU
		{A033BBF7-B0E7-421C-9F2C-AA1F82E45891}.Debug|Any CPU.ActiveCfg = Debug|Any CPU
		{A033BBF7-B0E7-421C-9F2C-AA1F82E45891}.Debug|Any CPU.Build.0 = Debug|Any CPU
		{A033BBF7-B0E7-421C-9F2C-AA1F82E45891}.Release|Any CPU.ActiveCfg = Release|Any CPU
		{A033BBF7-B0E7-421C-9F2C-AA1F82E45891}.Release|Any CPU.Build.0 = Release|Any CPU
		{244A1A74-26AC-43FC-844D-3BD7D78A7B8D}.Debug|Any CPU.ActiveCfg = Debug|Any CPU
		{244A1A74-26AC-43FC-844D-3BD7D78A7B8D}.Debug|Any CPU.Build.0 = Debug|Any CPU
		{244A1A74-26AC-43FC-844D-3BD7D78A7B8D}.Release|Any CPU.ActiveCfg = Release|Any CPU
		{244A1A74-26AC-43FC-844D-3BD7D78A7B8D}.Release|Any CPU.Build.0 = Release|Any CPU
		{AE146CD4-6C80-4043-806F-BDC3B72D0262}.Debug|Any CPU.ActiveCfg = Debug|Any CPU
		{AE146CD4-6C80-4043-806F-BDC3B72D0262}.Debug|Any CPU.Build.0 = Debug|Any CPU
		{AE146CD4-6C80-4043-806F-BDC3B72D0262}.Release|Any CPU.ActiveCfg = Release|Any CPU
		{AE146CD4-6C80-4043-806F-BDC3B72D0262}.Release|Any CPU.Build.0 = Release|Any CPU
		{00CCF86C-0B18-4502-998F-6C51B11E7101}.Debug|Any CPU.ActiveCfg = Debug|Any CPU
		{00CCF86C-0B18-4502-998F-6C51B11E7101}.Debug|Any CPU.Build.0 = Debug|Any CPU
		{00CCF86C-0B18-4502-998F-6C51B11E7101}.Release|Any CPU.ActiveCfg = Release|Any CPU
		{00CCF86C-0B18-4502-998F-6C51B11E7101}.Release|Any CPU.Build.0 = Release|Any CPU
		{CCD7F039-CC3F-94D5-9E1F-82DC179D7795}.Debug|Any CPU.ActiveCfg = Debug|Any CPU
		{CCD7F039-CC3F-94D5-9E1F-82DC179D7795}.Debug|Any CPU.Build.0 = Debug|Any CPU
		{CCD7F039-CC3F-94D5-9E1F-82DC179D7795}.Release|Any CPU.ActiveCfg = Release|Any CPU
		{CCD7F039-CC3F-94D5-9E1F-82DC179D7795}.Release|Any CPU.Build.0 = Release|Any CPU
		{232694F7-589F-4E1E-85D2-DE00369E2FD9}.Debug|Any CPU.ActiveCfg = Debug|Any CPU
		{232694F7-589F-4E1E-85D2-DE00369E2FD9}.Debug|Any CPU.Build.0 = Debug|Any CPU
		{232694F7-589F-4E1E-85D2-DE00369E2FD9}.Release|Any CPU.ActiveCfg = Release|Any CPU
		{232694F7-589F-4E1E-85D2-DE00369E2FD9}.Release|Any CPU.Build.0 = Release|Any CPU
		{0321030C-5C4B-4B79-8C59-CA2AA254CE19}.Debug|Any CPU.ActiveCfg = Debug|Any CPU
		{0321030C-5C4B-4B79-8C59-CA2AA254CE19}.Debug|Any CPU.Build.0 = Debug|Any CPU
		{0321030C-5C4B-4B79-8C59-CA2AA254CE19}.Release|Any CPU.ActiveCfg = Release|Any CPU
		{0321030C-5C4B-4B79-8C59-CA2AA254CE19}.Release|Any CPU.Build.0 = Release|Any CPU
		{73306DCB-C124-4D2E-903C-9C46E349459B}.Debug|Any CPU.ActiveCfg = Debug|Any CPU
		{73306DCB-C124-4D2E-903C-9C46E349459B}.Debug|Any CPU.Build.0 = Debug|Any CPU
		{73306DCB-C124-4D2E-903C-9C46E349459B}.Release|Any CPU.ActiveCfg = Release|Any CPU
		{73306DCB-C124-4D2E-903C-9C46E349459B}.Release|Any CPU.Build.0 = Release|Any CPU
		{97256608-C9EB-47AA-A20B-6F3F2D9BDA9A}.Debug|Any CPU.ActiveCfg = Debug|Any CPU
		{97256608-C9EB-47AA-A20B-6F3F2D9BDA9A}.Debug|Any CPU.Build.0 = Debug|Any CPU
		{97256608-C9EB-47AA-A20B-6F3F2D9BDA9A}.Release|Any CPU.ActiveCfg = Release|Any CPU
		{97256608-C9EB-47AA-A20B-6F3F2D9BDA9A}.Release|Any CPU.Build.0 = Release|Any CPU
		{4F3A687F-845F-4B37-BF27-B889B3035173}.Debug|Any CPU.ActiveCfg = Debug|Any CPU
		{4F3A687F-845F-4B37-BF27-B889B3035173}.Debug|Any CPU.Build.0 = Debug|Any CPU
		{4F3A687F-845F-4B37-BF27-B889B3035173}.Release|Any CPU.ActiveCfg = Release|Any CPU
		{4F3A687F-845F-4B37-BF27-B889B3035173}.Release|Any CPU.Build.0 = Release|Any CPU
		{CC63B885-6942-437C-895A-24AEAF017EC3}.Debug|Any CPU.ActiveCfg = Debug|Any CPU
		{CC63B885-6942-437C-895A-24AEAF017EC3}.Debug|Any CPU.Build.0 = Debug|Any CPU
		{CC63B885-6942-437C-895A-24AEAF017EC3}.Release|Any CPU.ActiveCfg = Release|Any CPU
		{CC63B885-6942-437C-895A-24AEAF017EC3}.Release|Any CPU.Build.0 = Release|Any CPU
		{B5332EFF-4CF1-46D0-B9FD-E1E160576D1C}.Debug|Any CPU.ActiveCfg = Debug|Any CPU
		{B5332EFF-4CF1-46D0-B9FD-E1E160576D1C}.Debug|Any CPU.Build.0 = Debug|Any CPU
		{B5332EFF-4CF1-46D0-B9FD-E1E160576D1C}.Release|Any CPU.ActiveCfg = Release|Any CPU
		{B5332EFF-4CF1-46D0-B9FD-E1E160576D1C}.Release|Any CPU.Build.0 = Release|Any CPU
		{2628718B-6770-4BA0-92D0-31B4171CF333}.Debug|Any CPU.ActiveCfg = Debug|Any CPU
		{2628718B-6770-4BA0-92D0-31B4171CF333}.Debug|Any CPU.Build.0 = Debug|Any CPU
		{2628718B-6770-4BA0-92D0-31B4171CF333}.Release|Any CPU.ActiveCfg = Release|Any CPU
		{2628718B-6770-4BA0-92D0-31B4171CF333}.Release|Any CPU.Build.0 = Release|Any CPU
		{57804762-F124-4CD1-B941-C5A9E01F9C37}.Debug|Any CPU.ActiveCfg = Debug|Any CPU
		{57804762-F124-4CD1-B941-C5A9E01F9C37}.Debug|Any CPU.Build.0 = Debug|Any CPU
		{57804762-F124-4CD1-B941-C5A9E01F9C37}.Release|Any CPU.ActiveCfg = Release|Any CPU
		{57804762-F124-4CD1-B941-C5A9E01F9C37}.Release|Any CPU.Build.0 = Release|Any CPU
		{1771FCAF-E124-4517-A8B6-41E2F86AB430}.Debug|Any CPU.ActiveCfg = Debug|Any CPU
		{1771FCAF-E124-4517-A8B6-41E2F86AB430}.Debug|Any CPU.Build.0 = Debug|Any CPU
		{1771FCAF-E124-4517-A8B6-41E2F86AB430}.Release|Any CPU.ActiveCfg = Release|Any CPU
		{1771FCAF-E124-4517-A8B6-41E2F86AB430}.Release|Any CPU.Build.0 = Release|Any CPU
		{4BA2C060-0D38-41AB-9293-E8581FEDC623}.Debug|Any CPU.ActiveCfg = Debug|Any CPU
		{4BA2C060-0D38-41AB-9293-E8581FEDC623}.Debug|Any CPU.Build.0 = Debug|Any CPU
		{4BA2C060-0D38-41AB-9293-E8581FEDC623}.Release|Any CPU.ActiveCfg = Release|Any CPU
		{4BA2C060-0D38-41AB-9293-E8581FEDC623}.Release|Any CPU.Build.0 = Release|Any CPU
		{82F0D3F8-0093-4FB0-B553-5F21DE33D176}.Debug|Any CPU.ActiveCfg = Debug|Any CPU
		{82F0D3F8-0093-4FB0-B553-5F21DE33D176}.Debug|Any CPU.Build.0 = Debug|Any CPU
		{82F0D3F8-0093-4FB0-B553-5F21DE33D176}.Release|Any CPU.ActiveCfg = Release|Any CPU
		{82F0D3F8-0093-4FB0-B553-5F21DE33D176}.Release|Any CPU.Build.0 = Release|Any CPU
	EndGlobalSection
	GlobalSection(SolutionProperties) = preSolution
		HideSolutionNode = FALSE
	EndGlobalSection
	GlobalSection(NestedProjects) = preSolution
		{25D3B008-1F3E-E2D0-2867-E5B5DB7D3B1F} = {02EA681E-C7D8-13C7-8484-4AC65E1B71E8}
		{54D3133C-7826-7369-BEB7-1D5BC2EC7C86} = {02EA681E-C7D8-13C7-8484-4AC65E1B71E8}
		{3C65691F-EBF3-2AED-21DA-BCF73BFF6A72} = {02EA681E-C7D8-13C7-8484-4AC65E1B71E8}
		{E684BACA-AF42-FCFE-18AE-585BD068C198} = {7952EF08-179C-4CFB-B60F-798AB38280D2}
		{3887FAB8-9385-3AB1-C712-3BC5875B8226} = {7952EF08-179C-4CFB-B60F-798AB38280D2}
		{959CBE37-D363-E781-2CD9-2BB3CF684E0B} = {7952EF08-179C-4CFB-B60F-798AB38280D2}
		{5F7EED96-E8B9-4F49-C180-6B5A78F7094E} = {7952EF08-179C-4CFB-B60F-798AB38280D2}
		{0B4CE236-B416-08DB-BF71-DF4D14F10F0E} = {7952EF08-179C-4CFB-B60F-798AB38280D2}
		{03D6D9F2-CF1B-0BB2-D406-F05E967ECCCD} = {7952EF08-179C-4CFB-B60F-798AB38280D2}
		{CEA74F34-AC0C-E871-BF1C-8C6564F024BC} = {7952EF08-179C-4CFB-B60F-798AB38280D2}
		{F62A9CE5-1C6F-39D2-8EEB-9663345AD398} = {7952EF08-179C-4CFB-B60F-798AB38280D2}
		{52AA573C-CF2A-FDEE-0A98-8782ED645B69} = {7952EF08-179C-4CFB-B60F-798AB38280D2}
		{B5B4A0D6-FCC4-0DD3-B70C-7BEC8A62E91B} = {7952EF08-179C-4CFB-B60F-798AB38280D2}
		{DC28D6A1-6BB0-9035-A9C3-F1DD7E392D8C} = {7952EF08-179C-4CFB-B60F-798AB38280D2}
		{AF5DCAAE-1428-8F49-0167-3A2AAC12A2C5} = {7952EF08-179C-4CFB-B60F-798AB38280D2}
		{D25FDE1B-3978-A52F-9CFC-85E3A3CEB384} = {7952EF08-179C-4CFB-B60F-798AB38280D2}
		{0BBCF348-9301-5048-A363-C58D1AA89142} = {7952EF08-179C-4CFB-B60F-798AB38280D2}
		{B1B9B7B5-A85B-7210-0CB8-70EE5C9A4560} = {7952EF08-179C-4CFB-B60F-798AB38280D2}
		{85510FAB-9357-6948-46F2-2F760F374038} = {02EA681E-C7D8-13C7-8484-4AC65E1B71E8}
		{A9A0D999-BFF1-5D07-F152-07D845FA68DC} = {02EA681E-C7D8-13C7-8484-4AC65E1B71E8}
		{4EA8EC09-1786-A49A-2EF9-3C52FB5FA161} = {02EA681E-C7D8-13C7-8484-4AC65E1B71E8}
		{E45E0260-A4B7-769B-B299-F56714BA6C6D} = {02EA681E-C7D8-13C7-8484-4AC65E1B71E8}
		{C9DA9DCF-5EC3-5761-E996-812244335AD7} = {02EA681E-C7D8-13C7-8484-4AC65E1B71E8}
		{96A1B200-16F5-951C-49F1-EC44F9A715FF} = {02EA681E-C7D8-13C7-8484-4AC65E1B71E8}
		{CA734FF4-00D9-05E9-8606-E876E4E2C837} = {02EA681E-C7D8-13C7-8484-4AC65E1B71E8}
		{92C85760-3010-2CCE-CA66-539DDD81A60B} = {F88CD921-46B8-4378-83C0-9E48B9B2EFE9}
		{1A5C4F62-2351-81E9-B5D8-6B66EDFB7F58} = {F88CD921-46B8-4378-83C0-9E48B9B2EFE9}
		{A033BBF7-B0E7-421C-9F2C-AA1F82E45891} = {F88CD921-46B8-4378-83C0-9E48B9B2EFE9}
		{244A1A74-26AC-43FC-844D-3BD7D78A7B8D} = {F88CD921-46B8-4378-83C0-9E48B9B2EFE9}
		{AE146CD4-6C80-4043-806F-BDC3B72D0262} = {F88CD921-46B8-4378-83C0-9E48B9B2EFE9}
		{00CCF86C-0B18-4502-998F-6C51B11E7101} = {F88CD921-46B8-4378-83C0-9E48B9B2EFE9}
		{CCD7F039-CC3F-94D5-9E1F-82DC179D7795} = {F88CD921-46B8-4378-83C0-9E48B9B2EFE9}
		{232694F7-589F-4E1E-85D2-DE00369E2FD9} = {21D1A975-73DD-47A9-9380-5E70DC756B44}
		{0321030C-5C4B-4B79-8C59-CA2AA254CE19} = {21D1A975-73DD-47A9-9380-5E70DC756B44}
		{73306DCB-C124-4D2E-903C-9C46E349459B} = {21D1A975-73DD-47A9-9380-5E70DC756B44}
		{97256608-C9EB-47AA-A20B-6F3F2D9BDA9A} = {21D1A975-73DD-47A9-9380-5E70DC756B44}
		{4F3A687F-845F-4B37-BF27-B889B3035173} = {21D1A975-73DD-47A9-9380-5E70DC756B44}
		{CC63B885-6942-437C-895A-24AEAF017EC3} = {21D1A975-73DD-47A9-9380-5E70DC756B44}
		{B5332EFF-4CF1-46D0-B9FD-E1E160576D1C} = {21D1A975-73DD-47A9-9380-5E70DC756B44}
		{2628718B-6770-4BA0-92D0-31B4171CF333} = {32F4BCA8-D252-4581-890D-5741A68A3D33}
		{57804762-F124-4CD1-B941-C5A9E01F9C37} = {32F4BCA8-D252-4581-890D-5741A68A3D33}
		{1771FCAF-E124-4517-A8B6-41E2F86AB430} = {32F4BCA8-D252-4581-890D-5741A68A3D33}
		{4BA2C060-0D38-41AB-9293-E8581FEDC623} = {32F4BCA8-D252-4581-890D-5741A68A3D33}
		{82F0D3F8-0093-4FB0-B553-5F21DE33D176} = {32F4BCA8-D252-4581-890D-5741A68A3D33}
	EndGlobalSection
	GlobalSection(ExtensibilityGlobals) = postSolution
		SolutionGuid = {4FD5D7B2-9B5C-499B-983F-5C30C4A44FA6}
	EndGlobalSection
EndGlobal
